
Microsoft Visual Studio Solution File, Format Version 12.00
# Visual Studio Version 16
VisualStudioVersion = 16.0.29306.81
MinimumVisualStudioVersion = 10.0.40219.1
Project("{FAE04EC0-301F-11D3-BF4B-00C04F79EFBC}") = "LibraryManagementSystemConsole", "LibraryManagementSystemConsole\LibraryManagementSystemConsole.csproj", "{300EDFD4-D05A-490A-B9EC-FE3E6E702389}"
EndProject
Global
	GlobalSection(SolutionConfigurationPlatforms) = preSolution
		Debug|Any CPU = Debug|Any CPU
		Release|Any CPU = Release|Any CPU
	EndGlobalSection
	GlobalSection(ProjectConfigurationPlatforms) = postSolution
		{300EDFD4-D05A-490A-B9EC-FE3E6E702389}.Debug|Any CPU.ActiveCfg = Debug|Any CPU
		{300EDFD4-D05A-490A-B9EC-FE3E6E702389}.Debug|Any CPU.Build.0 = Debug|Any CPU
		{300EDFD4-D05A-490A-B9EC-FE3E6E702389}.Release|Any CPU.ActiveCfg = Release|Any CPU
		{300EDFD4-D05A-490A-B9EC-FE3E6E702389}.Release|Any CPU.Build.0 = Release|Any CPU
	EndGlobalSection
	GlobalSection(SolutionProperties) = preSolution
		HideSolutionNode = FALSE
	EndGlobalSection
	GlobalSection(ExtensibilityGlobals) = postSolution
		SolutionGuid = {6791C8FA-F587-43C6-8EC4-FD2F4B647D99}
	EndGlobalSection
EndGlobal
